
Microsoft Visual Studio Solution File, Format Version 12.00
# Visual Studio Version 16
VisualStudioVersion = 16.0.31025.194
MinimumVisualStudioVersion = 10.0.40219.1
Project("{FAE04EC0-301F-11D3-BF4B-00C04F79EFBC}") = "3ConsoleAppAssign", "3ConsoleAppAssign\3ConsoleAppAssign.csproj", "{6ED38777-5414-4F12-8DB9-BC182CF1961C}"
EndProject
Project("{FAE04EC0-301F-11D3-BF4B-00C04F79EFBC}") = "3ConsoleApp.Test", "3ConsoleApp.Test\3ConsoleApp.Test.csproj", "{D1E38A0C-4147-4C12-A9EA-05C9E26830A7}"
EndProject
Global
	GlobalSection(SolutionConfigurationPlatforms) = preSolution
		Debug|Any CPU = Debug|Any CPU
		Release|Any CPU = Release|Any CPU
	EndGlobalSection
	GlobalSection(ProjectConfigurationPlatforms) = postSolution
		{6ED38777-5414-4F12-8DB9-BC182CF1961C}.Debug|Any CPU.ActiveCfg = Debug|Any CPU
		{6ED38777-5414-4F12-8DB9-BC182CF1961C}.Debug|Any CPU.Build.0 = Debug|Any CPU
		{6ED38777-5414-4F12-8DB9-BC182CF1961C}.Release|Any CPU.ActiveCfg = Release|Any CPU
		{6ED38777-5414-4F12-8DB9-BC182CF1961C}.Release|Any CPU.Build.0 = Release|Any CPU
		{D1E38A0C-4147-4C12-A9EA-05C9E26830A7}.Debug|Any CPU.ActiveCfg = Debug|Any CPU
		{D1E38A0C-4147-4C12-A9EA-05C9E26830A7}.Debug|Any CPU.Build.0 = Debug|Any CPU
		{D1E38A0C-4147-4C12-A9EA-05C9E26830A7}.Release|Any CPU.ActiveCfg = Release|Any CPU
		{D1E38A0C-4147-4C12-A9EA-05C9E26830A7}.Release|Any CPU.Build.0 = Release|Any CPU
	EndGlobalSection
	GlobalSection(SolutionProperties) = preSolution
		HideSolutionNode = FALSE
	EndGlobalSection
	GlobalSection(ExtensibilityGlobals) = postSolution
		SolutionGuid = {CBC615A3-CD9E-4CE0-B2DF-FDBF62134A9E}
	EndGlobalSection
EndGlobal
